
Microsoft Visual Studio Solution File, Format Version 12.00
# Visual Studio Version 17
VisualStudioVersion = 17.10.35013.160
MinimumVisualStudioVersion = 10.0.40219.1
Project("{FAE04EC0-301F-11D3-BF4B-00C04F79EFBC}") = "Northwind.WebApi.Service", "Northwind.WebApi.Service\Northwind.WebApi.Service.csproj", "{4F8E0372-9AF0-4E01-9454-B20F7D3E3C6F}"
EndProject
Project("{9A19103F-16F7-4668-BE54-9A1E7A4F7556}") = "Northwind.Common.DataContext.SqlServer", "..\Chapter03\Northwind.Common.DataContext.SqlServer\Northwind.Common.DataContext.SqlServer.csproj", "{DF34C768-41EB-48D0-BF70-213D6FE75DD3}"
EndProject
Global
	GlobalSection(SolutionConfigurationPlatforms) = preSolution
		Debug|Any CPU = Debug|Any CPU
		Release|Any CPU = Release|Any CPU
	EndGlobalSection
	GlobalSection(ProjectConfigurationPlatforms) = postSolution
		{4F8E0372-9AF0-4E01-9454-B20F7D3E3C6F}.Debug|Any CPU.ActiveCfg = Debug|Any CPU
		{4F8E0372-9AF0-4E01-9454-B20F7D3E3C6F}.Debug|Any CPU.Build.0 = Debug|Any CPU
		{4F8E0372-9AF0-4E01-9454-B20F7D3E3C6F}.Release|Any CPU.ActiveCfg = Release|Any CPU
		{4F8E0372-9AF0-4E01-9454-B20F7D3E3C6F}.Release|Any CPU.Build.0 = Release|Any CPU
		{DF34C768-41EB-48D0-BF70-213D6FE75DD3}.Debug|Any CPU.ActiveCfg = Debug|Any CPU
		{DF34C768-41EB-48D0-BF70-213D6FE75DD3}.Debug|Any CPU.Build.0 = Debug|Any CPU
		{DF34C768-41EB-48D0-BF70-213D6FE75DD3}.Release|Any CPU.ActiveCfg = Release|Any CPU
		{DF34C768-41EB-48D0-BF70-213D6FE75DD3}.Release|Any CPU.Build.0 = Release|Any CPU
	EndGlobalSection
	GlobalSection(SolutionProperties) = preSolution
		HideSolutionNode = FALSE
	EndGlobalSection
	GlobalSection(ExtensibilityGlobals) = postSolution
		SolutionGuid = {CE01228C-B658-4A03-A4F6-5455FCB49758}
	EndGlobalSection
EndGlobal
