
Microsoft Visual Studio Solution File, Format Version 12.00
# Visual Studio Version 17
VisualStudioVersion = 17.10.35013.160
MinimumVisualStudioVersion = 10.0.40219.1
Project("{FAE04EC0-301F-11D3-BF4B-00C04F79EFBC}") = "WorkingWithTasks", "WorkingWithTasks\WorkingWithTasks.csproj", "{854816AA-272C-4ACA-8E86-FF00D6CFB4F9}"
EndProject
Global
	GlobalSection(SolutionConfigurationPlatforms) = preSolution
		Debug|Any CPU = Debug|Any CPU
		Release|Any CPU = Release|Any CPU
	EndGlobalSection
	GlobalSection(ProjectConfigurationPlatforms) = postSolution
		{854816AA-272C-4ACA-8E86-FF00D6CFB4F9}.Debug|Any CPU.ActiveCfg = Debug|Any CPU
		{854816AA-272C-4ACA-8E86-FF00D6CFB4F9}.Debug|Any CPU.Build.0 = Debug|Any CPU
		{854816AA-272C-4ACA-8E86-FF00D6CFB4F9}.Release|Any CPU.ActiveCfg = Release|Any CPU
		{854816AA-272C-4ACA-8E86-FF00D6CFB4F9}.Release|Any CPU.Build.0 = Release|Any CPU
	EndGlobalSection
	GlobalSection(SolutionProperties) = preSolution
		HideSolutionNode = FALSE
	EndGlobalSection
	GlobalSection(ExtensibilityGlobals) = postSolution
		SolutionGuid = {C1A6DD9C-98C5-482D-A8D4-483796C8464A}
	EndGlobalSection
EndGlobal
