
Microsoft Visual Studio Solution File, Format Version 12.00
# Visual Studio Version 17
VisualStudioVersion = 17.10.35013.160
MinimumVisualStudioVersion = 10.0.40219.1
Project("{FAE04EC0-301F-11D3-BF4B-00C04F79EFBC}") = "Northwind.Maui.Blazor.Client", "Northwind.Maui.Blazor.Client\Northwind.Maui.Blazor.Client.csproj", "{B9FE0FFA-2DF9-4ED6-8C0B-C4099F62AF17}"
EndProject
Global
	GlobalSection(SolutionConfigurationPlatforms) = preSolution
		Debug|Any CPU = Debug|Any CPU
		Release|Any CPU = Release|Any CPU
	EndGlobalSection
	GlobalSection(ProjectConfigurationPlatforms) = postSolution
		{B9FE0FFA-2DF9-4ED6-8C0B-C4099F62AF17}.Debug|Any CPU.ActiveCfg = Debug|Any CPU
		{B9FE0FFA-2DF9-4ED6-8C0B-C4099F62AF17}.Debug|Any CPU.Build.0 = Debug|Any CPU
		{B9FE0FFA-2DF9-4ED6-8C0B-C4099F62AF17}.Debug|Any CPU.Deploy.0 = Debug|Any CPU
		{B9FE0FFA-2DF9-4ED6-8C0B-C4099F62AF17}.Release|Any CPU.ActiveCfg = Release|Any CPU
		{B9FE0FFA-2DF9-4ED6-8C0B-C4099F62AF17}.Release|Any CPU.Build.0 = Release|Any CPU
		{B9FE0FFA-2DF9-4ED6-8C0B-C4099F62AF17}.Release|Any CPU.Deploy.0 = Release|Any CPU
	EndGlobalSection
	GlobalSection(SolutionProperties) = preSolution
		HideSolutionNode = FALSE
	EndGlobalSection
	GlobalSection(ExtensibilityGlobals) = postSolution
		SolutionGuid = {1937FD9B-3AAD-4447-BB9D-81007664E0B4}
	EndGlobalSection
EndGlobal
